
Microsoft Visual Studio Solution File, Format Version 11.00
# Visual Studio 2010
# SharpDevelop 4.2.1.8805
Project("{FAE04EC0-301F-11D3-BF4B-00C04F79EFBC}") = "console", "src\console\console.csproj", "{BDF49558-C870-463C-A556-F35AEFAAA5A3}"
EndProject
Project("{2150E333-8FDC-42A3-9474-1A3956D46DE8}") = "Solution Items", "Solution Items", "{3970FC48-9F5C-49CC-AEBB-67F7EC72E9BD}"
	ProjectSection(SolutionItems) = postProject
		NHibernateQueries.wrapdesc = NHibernateQueries.wrapdesc
		version = version
	EndProjectSection
EndProject
Global
	GlobalSection(SolutionConfigurationPlatforms) = preSolution
		Debug|x86 = Debug|x86
		Release|x86 = Release|x86
	EndGlobalSection
	GlobalSection(ProjectConfigurationPlatforms) = postSolution
		{BDF49558-C870-463C-A556-F35AEFAAA5A3}.Debug|x86.Build.0 = Debug|x86
		{BDF49558-C870-463C-A556-F35AEFAAA5A3}.Debug|x86.ActiveCfg = Debug|x86
		{BDF49558-C870-463C-A556-F35AEFAAA5A3}.Release|x86.Build.0 = Release|x86
		{BDF49558-C870-463C-A556-F35AEFAAA5A3}.Release|x86.ActiveCfg = Release|x86
	EndGlobalSection
EndGlobal
